// !$*UTF8*$!
{
	archiveVersion = 1;
	classes = {
	};
	objectVersion = 56;
	objects = {

/* Begin PBXBuildFile section */
		D75D9E272A67BEB400A7B5F2 /* BaseDecoderTests.m in Sources */ = {isa = PBXBuildFile; fileRef = D75D9E262A67BEB400A7B5F2 /* BaseDecoderTests.m */; };
		D75DD8942A6004690016D73C /* BaseDecoder.m in Sources */ = {isa = PBXBuildFile; fileRef = D75DD8932A6004690016D73C /* BaseDecoder.m */; };
		D75FEC082A6618E000213A11 /* ImageProvider.m in Sources */ = {isa = PBXBuildFile; fileRef = D75FEC072A6618E000213A11 /* ImageProvider.m */; };
		D77D77722A86039F00408B93 /* README.md in Resources */ = {isa = PBXBuildFile; fileRef = D77D77712A86039F00408B93 /* README.md */; };
		D78871332A5F8BF500E671A7 /* ITunesRecord.m in Sources */ = {isa = PBXBuildFile; fileRef = D78871322A5F8BF400E671A7 /* ITunesRecord.m */; };
		D78871362A5F928400E671A7 /* GithubRecord.m in Sources */ = {isa = PBXBuildFile; fileRef = D78871352A5F928400E671A7 /* GithubRecord.m */; };
		D788713B2A5F954000E671A7 /* GithubDecoder.m in Sources */ = {isa = PBXBuildFile; fileRef = D788713A2A5F954000E671A7 /* GithubDecoder.m */; };
		D788713D2A5F96FF00E671A7 /* GithubDecoderTests.m in Sources */ = {isa = PBXBuildFile; fileRef = D788713C2A5F96FF00E671A7 /* GithubDecoderTests.m */; };
		D788713F2A5FAAA400E671A7 /* github.json in Resources */ = {isa = PBXBuildFile; fileRef = D788713E2A5FAAA400E671A7 /* github.json */; };
		D78871422A5FC50900E671A7 /* ITunesDecoder.m in Sources */ = {isa = PBXBuildFile; fileRef = D78871412A5FC50900E671A7 /* ITunesDecoder.m */; };
		D78871442A5FC70200E671A7 /* ITunesDecoderTests.m in Sources */ = {isa = PBXBuildFile; fileRef = D78871432A5FC70200E671A7 /* ITunesDecoderTests.m */; };
		D78871462A5FC81500E671A7 /* itunes.json in Resources */ = {isa = PBXBuildFile; fileRef = D78871452A5FC81500E671A7 /* itunes.json */; };
		D790A0CD2A849C2B00EC31AD /* Documentation.docc in Sources */ = {isa = PBXBuildFile; fileRef = D790A0CC2A849C2B00EC31AD /* Documentation.docc */; };
		D7CD37432A6248F100FDF304 /* RecordsViewModel.m in Sources */ = {isa = PBXBuildFile; fileRef = D7CD37422A6248F100FDF304 /* RecordsViewModel.m */; };
		D7CD37472A62728F00FDF304 /* DecodersFactory.m in Sources */ = {isa = PBXBuildFile; fileRef = D7CD37462A62728F00FDF304 /* DecodersFactory.m */; };
		D7CD374B2A6279B300FDF304 /* RecordCell.m in Sources */ = {isa = PBXBuildFile; fileRef = D7CD374A2A6279B300FDF304 /* RecordCell.m */; };
		D7D9A3D32A63C81E00350C2B /* RecordsViewModelTests.m in Sources */ = {isa = PBXBuildFile; fileRef = D7D9A3D22A63C81E00350C2B /* RecordsViewModelTests.m */; };
		D7D9A3D72A63EAFB00350C2B /* MockDataProvider.m in Sources */ = {isa = PBXBuildFile; fileRef = D7D9A3D62A63EAFB00350C2B /* MockDataProvider.m */; };
		D7E0CAC82A5B99860039189D /* AppDelegate.m in Sources */ = {isa = PBXBuildFile; fileRef = D7E0CAC72A5B99860039189D /* AppDelegate.m */; };
		D7E0CACB2A5B99860039189D /* SceneDelegate.m in Sources */ = {isa = PBXBuildFile; fileRef = D7E0CACA2A5B99860039189D /* SceneDelegate.m */; };
		D7E0CAD32A5B998C0039189D /* Assets.xcassets in Resources */ = {isa = PBXBuildFile; fileRef = D7E0CAD22A5B998C0039189D /* Assets.xcassets */; };
		D7E0CAD62A5B998C0039189D /* LaunchScreen.storyboard in Resources */ = {isa = PBXBuildFile; fileRef = D7E0CAD42A5B998C0039189D /* LaunchScreen.storyboard */; };
		D7E0CAD92A5B998C0039189D /* main.m in Sources */ = {isa = PBXBuildFile; fileRef = D7E0CAD82A5B998C0039189D /* main.m */; };
		D7E0CAE32A5B998D0039189D /* FriendsTests.m in Sources */ = {isa = PBXBuildFile; fileRef = D7E0CAE22A5B998D0039189D /* FriendsTests.m */; };
		D7E0CB002A5B9DB70039189D /* HomeController.m in Sources */ = {isa = PBXBuildFile; fileRef = D7E0CAFF2A5B9DB70039189D /* HomeController.m */; };
		D7E0CB0F2A5CEB400039189D /* DataProvider.m in Sources */ = {isa = PBXBuildFile; fileRef = D7E0CB0E2A5CEB400039189D /* DataProvider.m */; };
		D7E0CB112A5D155C0039189D /* DataProviderTests.m in Sources */ = {isa = PBXBuildFile; fileRef = D7E0CB102A5D155C0039189D /* DataProviderTests.m */; };
		D7E0CB152A5D40AF0039189D /* MockURLProtocol.m in Sources */ = {isa = PBXBuildFile; fileRef = D7E0CB142A5D40AF0039189D /* MockURLProtocol.m */; };
/* End PBXBuildFile section */

/* Begin PBXContainerItemProxy section */
		D7E0CADF2A5B998C0039189D /* PBXContainerItemProxy */ = {
			isa = PBXContainerItemProxy;
			containerPortal = D7E0CABB2A5B99860039189D /* Project object */;
			proxyType = 1;
			remoteGlobalIDString = D7E0CAC22A5B99860039189D;
			remoteInfo = Friends;
		};
/* End PBXContainerItemProxy section */

/* Begin PBXFileReference section */
		D75D9E262A67BEB400A7B5F2 /* BaseDecoderTests.m */ = {isa = PBXFileReference; lastKnownFileType = sourcecode.c.objc; path = BaseDecoderTests.m; sourceTree = "<group>"; };
		D75DD8922A6004690016D73C /* BaseDecoder.h */ = {isa = PBXFileReference; lastKnownFileType = sourcecode.c.h; path = BaseDecoder.h; sourceTree = "<group>"; };
		D75DD8932A6004690016D73C /* BaseDecoder.m */ = {isa = PBXFileReference; lastKnownFileType = sourcecode.c.objc; path = BaseDecoder.m; sourceTree = "<group>"; };
		D75FEC062A6618E000213A11 /* ImageProvider.h */ = {isa = PBXFileReference; lastKnownFileType = sourcecode.c.h; path = ImageProvider.h; sourceTree = "<group>"; };
		D75FEC072A6618E000213A11 /* ImageProvider.m */ = {isa = PBXFileReference; lastKnownFileType = sourcecode.c.objc; path = ImageProvider.m; sourceTree = "<group>"; };
		D77D77712A86039F00408B93 /* README.md */ = {isa = PBXFileReference; lastKnownFileType = net.daringfireball.markdown; path = README.md; sourceTree = "<group>"; };
		D78871302A5F8AF900E671A7 /* ApiRecord.h */ = {isa = PBXFileReference; lastKnownFileType = sourcecode.c.h; path = ApiRecord.h; sourceTree = "<group>"; };
		D78871312A5F8BF400E671A7 /* ITunesRecord.h */ = {isa = PBXFileReference; lastKnownFileType = sourcecode.c.h; path = ITunesRecord.h; sourceTree = "<group>"; };
		D78871322A5F8BF400E671A7 /* ITunesRecord.m */ = {isa = PBXFileReference; lastKnownFileType = sourcecode.c.objc; path = ITunesRecord.m; sourceTree = "<group>"; };
		D78871342A5F928400E671A7 /* GithubRecord.h */ = {isa = PBXFileReference; lastKnownFileType = sourcecode.c.h; path = GithubRecord.h; sourceTree = "<group>"; };
		D78871352A5F928400E671A7 /* GithubRecord.m */ = {isa = PBXFileReference; lastKnownFileType = sourcecode.c.objc; path = GithubRecord.m; sourceTree = "<group>"; };
		D78871372A5F941900E671A7 /* RecordsDecoder.h */ = {isa = PBXFileReference; lastKnownFileType = sourcecode.c.h; path = RecordsDecoder.h; sourceTree = "<group>"; };
		D78871392A5F954000E671A7 /* GithubDecoder.h */ = {isa = PBXFileReference; lastKnownFileType = sourcecode.c.h; path = GithubDecoder.h; sourceTree = "<group>"; };
		D788713A2A5F954000E671A7 /* GithubDecoder.m */ = {isa = PBXFileReference; lastKnownFileType = sourcecode.c.objc; path = GithubDecoder.m; sourceTree = "<group>"; };
		D788713C2A5F96FF00E671A7 /* GithubDecoderTests.m */ = {isa = PBXFileReference; lastKnownFileType = sourcecode.c.objc; path = GithubDecoderTests.m; sourceTree = "<group>"; };
		D788713E2A5FAAA400E671A7 /* github.json */ = {isa = PBXFileReference; lastKnownFileType = text.json; path = github.json; sourceTree = "<group>"; };
		D78871402A5FC50900E671A7 /* ITunesDecoder.h */ = {isa = PBXFileReference; lastKnownFileType = sourcecode.c.h; path = ITunesDecoder.h; sourceTree = "<group>"; };
		D78871412A5FC50900E671A7 /* ITunesDecoder.m */ = {isa = PBXFileReference; lastKnownFileType = sourcecode.c.objc; path = ITunesDecoder.m; sourceTree = "<group>"; };
		D78871432A5FC70200E671A7 /* ITunesDecoderTests.m */ = {isa = PBXFileReference; lastKnownFileType = sourcecode.c.objc; path = ITunesDecoderTests.m; sourceTree = "<group>"; };
		D78871452A5FC81500E671A7 /* itunes.json */ = {isa = PBXFileReference; lastKnownFileType = text.json; path = itunes.json; sourceTree = "<group>"; };
		D790A0CC2A849C2B00EC31AD /* Documentation.docc */ = {isa = PBXFileReference; lastKnownFileType = folder.documentationcatalog; path = Documentation.docc; sourceTree = "<group>"; };
		D7BF21382A64CDC40078FFC2 /* Alignment.h */ = {isa = PBXFileReference; lastKnownFileType = sourcecode.c.h; path = Alignment.h; sourceTree = "<group>"; };
		D7CD37412A6248F100FDF304 /* RecordsViewModel.h */ = {isa = PBXFileReference; lastKnownFileType = sourcecode.c.h; path = RecordsViewModel.h; sourceTree = "<group>"; };
		D7CD37422A6248F100FDF304 /* RecordsViewModel.m */ = {isa = PBXFileReference; lastKnownFileType = sourcecode.c.objc; path = RecordsViewModel.m; sourceTree = "<group>"; };
		D7CD37452A62728F00FDF304 /* DecodersFactory.h */ = {isa = PBXFileReference; lastKnownFileType = sourcecode.c.h; path = DecodersFactory.h; sourceTree = "<group>"; };
		D7CD37462A62728F00FDF304 /* DecodersFactory.m */ = {isa = PBXFileReference; lastKnownFileType = sourcecode.c.objc; path = DecodersFactory.m; sourceTree = "<group>"; };
		D7CD37492A6279B300FDF304 /* RecordCell.h */ = {isa = PBXFileReference; lastKnownFileType = sourcecode.c.h; path = RecordCell.h; sourceTree = "<group>"; };
		D7CD374A2A6279B300FDF304 /* RecordCell.m */ = {isa = PBXFileReference; lastKnownFileType = sourcecode.c.objc; path = RecordCell.m; sourceTree = "<group>"; };
		D7D9A3D22A63C81E00350C2B /* RecordsViewModelTests.m */ = {isa = PBXFileReference; lastKnownFileType = sourcecode.c.objc; path = RecordsViewModelTests.m; sourceTree = "<group>"; };
		D7D9A3D52A63EAFB00350C2B /* MockDataProvider.h */ = {isa = PBXFileReference; lastKnownFileType = sourcecode.c.h; path = MockDataProvider.h; sourceTree = "<group>"; };
		D7D9A3D62A63EAFB00350C2B /* MockDataProvider.m */ = {isa = PBXFileReference; lastKnownFileType = sourcecode.c.objc; path = MockDataProvider.m; sourceTree = "<group>"; };
		D7D9A3D82A63EB2600350C2B /* DataProviderProtocol.h */ = {isa = PBXFileReference; lastKnownFileType = sourcecode.c.h; path = DataProviderProtocol.h; sourceTree = "<group>"; };
		D7E0CAC32A5B99860039189D /* Friends.app */ = {isa = PBXFileReference; explicitFileType = wrapper.application; includeInIndex = 0; path = Friends.app; sourceTree = BUILT_PRODUCTS_DIR; };
		D7E0CAC62A5B99860039189D /* AppDelegate.h */ = {isa = PBXFileReference; lastKnownFileType = sourcecode.c.h; path = AppDelegate.h; sourceTree = "<group>"; };
		D7E0CAC72A5B99860039189D /* AppDelegate.m */ = {isa = PBXFileReference; lastKnownFileType = sourcecode.c.objc; path = AppDelegate.m; sourceTree = "<group>"; };
		D7E0CAC92A5B99860039189D /* SceneDelegate.h */ = {isa = PBXFileReference; lastKnownFileType = sourcecode.c.h; path = SceneDelegate.h; sourceTree = "<group>"; };
		D7E0CACA2A5B99860039189D /* SceneDelegate.m */ = {isa = PBXFileReference; lastKnownFileType = sourcecode.c.objc; path = SceneDelegate.m; sourceTree = "<group>"; };
		D7E0CAD22A5B998C0039189D /* Assets.xcassets */ = {isa = PBXFileReference; lastKnownFileType = folder.assetcatalog; path = Assets.xcassets; sourceTree = "<group>"; };
		D7E0CAD52A5B998C0039189D /* Base */ = {isa = PBXFileReference; lastKnownFileType = file.storyboard; name = Base; path = Base.lproj/LaunchScreen.storyboard; sourceTree = "<group>"; };
		D7E0CAD72A5B998C0039189D /* Info.plist */ = {isa = PBXFileReference; lastKnownFileType = text.plist.xml; path = Info.plist; sourceTree = "<group>"; };
		D7E0CAD82A5B998C0039189D /* main.m */ = {isa = PBXFileReference; lastKnownFileType = sourcecode.c.objc; path = main.m; sourceTree = "<group>"; };
		D7E0CADE2A5B998C0039189D /* FriendsTests.xctest */ = {isa = PBXFileReference; explicitFileType = wrapper.cfbundle; includeInIndex = 0; path = FriendsTests.xctest; sourceTree = BUILT_PRODUCTS_DIR; };
		D7E0CAE22A5B998D0039189D /* FriendsTests.m */ = {isa = PBXFileReference; lastKnownFileType = sourcecode.c.objc; path = FriendsTests.m; sourceTree = "<group>"; };
		D7E0CAFE2A5B9DB70039189D /* HomeController.h */ = {isa = PBXFileReference; lastKnownFileType = sourcecode.c.h; path = HomeController.h; sourceTree = "<group>"; };
		D7E0CAFF2A5B9DB70039189D /* HomeController.m */ = {isa = PBXFileReference; lastKnownFileType = sourcecode.c.objc; path = HomeController.m; sourceTree = "<group>"; };
		D7E0CB0D2A5CEB400039189D /* DataProvider.h */ = {isa = PBXFileReference; lastKnownFileType = sourcecode.c.h; path = DataProvider.h; sourceTree = "<group>"; };
		D7E0CB0E2A5CEB400039189D /* DataProvider.m */ = {isa = PBXFileReference; lastKnownFileType = sourcecode.c.objc; path = DataProvider.m; sourceTree = "<group>"; };
		D7E0CB102A5D155C0039189D /* DataProviderTests.m */ = {isa = PBXFileReference; lastKnownFileType = sourcecode.c.objc; path = DataProviderTests.m; sourceTree = "<group>"; };
		D7E0CB132A5D40AF0039189D /* MockURLProtocol.h */ = {isa = PBXFileReference; lastKnownFileType = sourcecode.c.h; path = MockURLProtocol.h; sourceTree = "<group>"; };
		D7E0CB142A5D40AF0039189D /* MockURLProtocol.m */ = {isa = PBXFileReference; lastKnownFileType = sourcecode.c.objc; path = MockURLProtocol.m; sourceTree = "<group>"; };
/* End PBXFileReference section */

/* Begin PBXFrameworksBuildPhase section */
		D7E0CAC02A5B99860039189D /* Frameworks */ = {
			isa = PBXFrameworksBuildPhase;
			buildActionMask = 2147483647;
			files = (
			);
			runOnlyForDeploymentPostprocessing = 0;
		};
		D7E0CADB2A5B998C0039189D /* Frameworks */ = {
			isa = PBXFrameworksBuildPhase;
			buildActionMask = 2147483647;
			files = (
			);
			runOnlyForDeploymentPostprocessing = 0;
		};
/* End PBXFrameworksBuildPhase section */

/* Begin PBXGroup section */
		D788712F2A5F8A3300E671A7 /* Models */ = {
			isa = PBXGroup;
			children = (
				D78871312A5F8BF400E671A7 /* ITunesRecord.h */,
				D78871322A5F8BF400E671A7 /* ITunesRecord.m */,
				D78871342A5F928400E671A7 /* GithubRecord.h */,
				D78871352A5F928400E671A7 /* GithubRecord.m */,
				D7BF21382A64CDC40078FFC2 /* Alignment.h */,
			);
			path = Models;
			sourceTree = "<group>";
		};
		D78871382A5F950200E671A7 /* Protocols */ = {
			isa = PBXGroup;
			children = (
				D78871302A5F8AF900E671A7 /* ApiRecord.h */,
				D78871372A5F941900E671A7 /* RecordsDecoder.h */,
				D7D9A3D82A63EB2600350C2B /* DataProviderProtocol.h */,
			);
			path = Protocols;
			sourceTree = "<group>";
		};
		D7CD37402A6248AD00FDF304 /* ViewModels */ = {
			isa = PBXGroup;
			children = (
				D7CD37412A6248F100FDF304 /* RecordsViewModel.h */,
				D7CD37422A6248F100FDF304 /* RecordsViewModel.m */,
			);
			path = ViewModels;
			sourceTree = "<group>";
		};
		D7CD37482A62796000FDF304 /* Views */ = {
			isa = PBXGroup;
			children = (
				D7CD37492A6279B300FDF304 /* RecordCell.h */,
				D7CD374A2A6279B300FDF304 /* RecordCell.m */,
			);
			path = Views;
			sourceTree = "<group>";
		};
		D7E0CABA2A5B99860039189D = {
			isa = PBXGroup;
			children = (
				D77D77712A86039F00408B93 /* README.md */,
				D7E0CAC52A5B99860039189D /* Friends */,
				D7E0CAE12A5B998C0039189D /* FriendsTests */,
				D7E0CAC42A5B99860039189D /* Products */,
			);
			sourceTree = "<group>";
		};
		D7E0CAC42A5B99860039189D /* Products */ = {
			isa = PBXGroup;
			children = (
				D7E0CAC32A5B99860039189D /* Friends.app */,
				D7E0CADE2A5B998C0039189D /* FriendsTests.xctest */,
			);
			name = Products;
			sourceTree = "<group>";
		};
		D7E0CAC52A5B99860039189D /* Friends */ = {
			isa = PBXGroup;
			children = (
				D78871382A5F950200E671A7 /* Protocols */,
				D788712F2A5F8A3300E671A7 /* Models */,
				D7CD37482A62796000FDF304 /* Views */,
				D7CD37402A6248AD00FDF304 /* ViewModels */,
				D7E0CB042A5CE7AF0039189D /* Controllers */,
				D7E0CB052A5CE8960039189D /* Services */,
				D7E0CAC62A5B99860039189D /* AppDelegate.h */,
				D7E0CAC72A5B99860039189D /* AppDelegate.m */,
				D7E0CAC92A5B99860039189D /* SceneDelegate.h */,
				D7E0CACA2A5B99860039189D /* SceneDelegate.m */,
				D7E0CAD22A5B998C0039189D /* Assets.xcassets */,
				D7E0CAD42A5B998C0039189D /* LaunchScreen.storyboard */,
				D7E0CAD72A5B998C0039189D /* Info.plist */,
				D7E0CAD82A5B998C0039189D /* main.m */,
				D790A0CC2A849C2B00EC31AD /* Documentation.docc */,
			);
			path = Friends;
			sourceTree = "<group>";
		};
		D7E0CAE12A5B998C0039189D /* FriendsTests */ = {
			isa = PBXGroup;
			children = (
				D7E0CB122A5D40440039189D /* Mocks */,
				D7E0CAE22A5B998D0039189D /* FriendsTests.m */,
				D7E0CB102A5D155C0039189D /* DataProviderTests.m */,
				D788713C2A5F96FF00E671A7 /* GithubDecoderTests.m */,
				D78871432A5FC70200E671A7 /* ITunesDecoderTests.m */,
				D7D9A3D22A63C81E00350C2B /* RecordsViewModelTests.m */,
				D75D9E262A67BEB400A7B5F2 /* BaseDecoderTests.m */,
			);
			path = FriendsTests;
			sourceTree = "<group>";
		};
		D7E0CB042A5CE7AF0039189D /* Controllers */ = {
			isa = PBXGroup;
			children = (
				D7E0CAFE2A5B9DB70039189D /* HomeController.h */,
				D7E0CAFF2A5B9DB70039189D /* HomeController.m */,
			);
			path = Controllers;
			sourceTree = "<group>";
		};
		D7E0CB052A5CE8960039189D /* Services */ = {
			isa = PBXGroup;
			children = (
				D7E0CB0D2A5CEB400039189D /* DataProvider.h */,
				D7E0CB0E2A5CEB400039189D /* DataProvider.m */,
				D75DD8922A6004690016D73C /* BaseDecoder.h */,
				D75DD8932A6004690016D73C /* BaseDecoder.m */,
				D78871392A5F954000E671A7 /* GithubDecoder.h */,
				D788713A2A5F954000E671A7 /* GithubDecoder.m */,
				D78871402A5FC50900E671A7 /* ITunesDecoder.h */,
				D78871412A5FC50900E671A7 /* ITunesDecoder.m */,
				D7CD37452A62728F00FDF304 /* DecodersFactory.h */,
				D7CD37462A62728F00FDF304 /* DecodersFactory.m */,
				D75FEC062A6618E000213A11 /* ImageProvider.h */,
				D75FEC072A6618E000213A11 /* ImageProvider.m */,
			);
			path = Services;
			sourceTree = "<group>";
		};
		D7E0CB122A5D40440039189D /* Mocks */ = {
			isa = PBXGroup;
			children = (
				D7E0CB132A5D40AF0039189D /* MockURLProtocol.h */,
				D7E0CB142A5D40AF0039189D /* MockURLProtocol.m */,
				D788713E2A5FAAA400E671A7 /* github.json */,
				D78871452A5FC81500E671A7 /* itunes.json */,
				D7D9A3D52A63EAFB00350C2B /* MockDataProvider.h */,
				D7D9A3D62A63EAFB00350C2B /* MockDataProvider.m */,
			);
			path = Mocks;
			sourceTree = "<group>";
		};
/* End PBXGroup section */

/* Begin PBXNativeTarget section */
		D7E0CAC22A5B99860039189D /* Friends */ = {
			isa = PBXNativeTarget;
			buildConfigurationList = D7E0CAF22A5B998D0039189D /* Build configuration list for PBXNativeTarget "Friends" */;
			buildPhases = (
				D7E0CABF2A5B99860039189D /* Sources */,
				D7E0CAC02A5B99860039189D /* Frameworks */,
				D7E0CAC12A5B99860039189D /* Resources */,
			);
			buildRules = (
			);
			dependencies = (
			);
			name = Friends;
			productName = Friends;
			productReference = D7E0CAC32A5B99860039189D /* Friends.app */;
			productType = "com.apple.product-type.application";
		};
		D7E0CADD2A5B998C0039189D /* FriendsTests */ = {
			isa = PBXNativeTarget;
			buildConfigurationList = D7E0CAF52A5B998D0039189D /* Build configuration list for PBXNativeTarget "FriendsTests" */;
			buildPhases = (
				D7E0CADA2A5B998C0039189D /* Sources */,
				D7E0CADB2A5B998C0039189D /* Frameworks */,
				D7E0CADC2A5B998C0039189D /* Resources */,
			);
			buildRules = (
			);
			dependencies = (
				D7E0CAE02A5B998C0039189D /* PBXTargetDependency */,
			);
			name = FriendsTests;
			productName = FriendsTests;
			productReference = D7E0CADE2A5B998C0039189D /* FriendsTests.xctest */;
			productType = "com.apple.product-type.bundle.unit-test";
		};
/* End PBXNativeTarget section */

/* Begin PBXProject section */
		D7E0CABB2A5B99860039189D /* Project object */ = {
			isa = PBXProject;
			attributes = {
				BuildIndependentTargetsInParallel = 1;
				LastUpgradeCheck = 1430;
				TargetAttributes = {
					D7E0CAC22A5B99860039189D = {
						CreatedOnToolsVersion = 14.3.1;
					};
					D7E0CADD2A5B998C0039189D = {
						CreatedOnToolsVersion = 14.3.1;
						TestTargetID = D7E0CAC22A5B99860039189D;
					};
				};
			};
			buildConfigurationList = D7E0CABE2A5B99860039189D /* Build configuration list for PBXProject "Friends" */;
			compatibilityVersion = "Xcode 14.0";
			developmentRegion = en;
			hasScannedForEncodings = 0;
			knownRegions = (
				en,
				Base,
			);
			mainGroup = D7E0CABA2A5B99860039189D;
			productRefGroup = D7E0CAC42A5B99860039189D /* Products */;
			projectDirPath = "";
			projectRoot = "";
			targets = (
				D7E0CAC22A5B99860039189D /* Friends */,
				D7E0CADD2A5B998C0039189D /* FriendsTests */,
			);
		};
/* End PBXProject section */

/* Begin PBXResourcesBuildPhase section */
		D7E0CAC12A5B99860039189D /* Resources */ = {
			isa = PBXResourcesBuildPhase;
			buildActionMask = 2147483647;
			files = (
				D77D77722A86039F00408B93 /* README.md in Resources */,
				D7E0CAD62A5B998C0039189D /* LaunchScreen.storyboard in Resources */,
				D7E0CAD32A5B998C0039189D /* Assets.xcassets in Resources */,
			);
			runOnlyForDeploymentPostprocessing = 0;
		};
		D7E0CADC2A5B998C0039189D /* Resources */ = {
			isa = PBXResourcesBuildPhase;
			buildActionMask = 2147483647;
			files = (
				D788713F2A5FAAA400E671A7 /* github.json in Resources */,
				D78871462A5FC81500E671A7 /* itunes.json in Resources */,
			);
			runOnlyForDeploymentPostprocessing = 0;
		};
/* End PBXResourcesBuildPhase section */

/* Begin PBXSourcesBuildPhase section */
		D7E0CABF2A5B99860039189D /* Sources */ = {
			isa = PBXSourcesBuildPhase;
			buildActionMask = 2147483647;
			files = (
				D78871332A5F8BF500E671A7 /* ITunesRecord.m in Sources */,
				D78871422A5FC50900E671A7 /* ITunesDecoder.m in Sources */,
				D7E0CB002A5B9DB70039189D /* HomeController.m in Sources */,
				D7CD374B2A6279B300FDF304 /* RecordCell.m in Sources */,
				D75FEC082A6618E000213A11 /* ImageProvider.m in Sources */,
				D7E0CAC82A5B99860039189D /* AppDelegate.m in Sources */,
				D788713B2A5F954000E671A7 /* GithubDecoder.m in Sources */,
				D7CD37472A62728F00FDF304 /* DecodersFactory.m in Sources */,
				D75DD8942A6004690016D73C /* BaseDecoder.m in Sources */,
				D7E0CAD92A5B998C0039189D /* main.m in Sources */,
				D7CD37432A6248F100FDF304 /* RecordsViewModel.m in Sources */,
				D7E0CACB2A5B99860039189D /* SceneDelegate.m in Sources */,
				D7E0CB0F2A5CEB400039189D /* DataProvider.m in Sources */,
				D790A0CD2A849C2B00EC31AD /* Documentation.docc in Sources */,
				D78871362A5F928400E671A7 /* GithubRecord.m in Sources */,
			);
			runOnlyForDeploymentPostprocessing = 0;
		};
		D7E0CADA2A5B998C0039189D /* Sources */ = {
			isa = PBXSourcesBuildPhase;
			buildActionMask = 2147483647;
			files = (
				D7E0CB112A5D155C0039189D /* DataProviderTests.m in Sources */,
				D75D9E272A67BEB400A7B5F2 /* BaseDecoderTests.m in Sources */,
				D7E0CB152A5D40AF0039189D /* MockURLProtocol.m in Sources */,
				D7E0CAE32A5B998D0039189D /* FriendsTests.m in Sources */,
				D788713D2A5F96FF00E671A7 /* GithubDecoderTests.m in Sources */,
				D78871442A5FC70200E671A7 /* ITunesDecoderTests.m in Sources */,
				D7D9A3D72A63EAFB00350C2B /* MockDataProvider.m in Sources */,
				D7D9A3D32A63C81E00350C2B /* RecordsViewModelTests.m in Sources */,
			);
			runOnlyForDeploymentPostprocessing = 0;
		};
/* End PBXSourcesBuildPhase section */

/* Begin PBXTargetDependency section */
		D7E0CAE02A5B998C0039189D /* PBXTargetDependency */ = {
			isa = PBXTargetDependency;
			target = D7E0CAC22A5B99860039189D /* Friends */;
			targetProxy = D7E0CADF2A5B998C0039189D /* PBXContainerItemProxy */;
		};
/* End PBXTargetDependency section */

/* Begin PBXVariantGroup section */
		D7E0CAD42A5B998C0039189D /* LaunchScreen.storyboard */ = {
			isa = PBXVariantGroup;
			children = (
				D7E0CAD52A5B998C0039189D /* Base */,
			);
			name = LaunchScreen.storyboard;
			sourceTree = "<group>";
		};
/* End PBXVariantGroup section */

/* Begin XCBuildConfiguration section */
		D7E0CAF02A5B998D0039189D /* Debug */ = {
			isa = XCBuildConfiguration;
			buildSettings = {
				ALWAYS_SEARCH_USER_PATHS = NO;
				CLANG_ANALYZER_NONNULL = YES;
				CLANG_ANALYZER_NUMBER_OBJECT_CONVERSION = YES_AGGRESSIVE;
				CLANG_CXX_LANGUAGE_STANDARD = "gnu++20";
				CLANG_ENABLE_MODULES = YES;
				CLANG_ENABLE_OBJC_ARC = YES;
				CLANG_ENABLE_OBJC_WEAK = YES;
				CLANG_WARN_BLOCK_CAPTURE_AUTORELEASING = YES;
				CLANG_WARN_BOOL_CONVERSION = YES;
				CLANG_WARN_COMMA = YES;
				CLANG_WARN_CONSTANT_CONVERSION = YES;
				CLANG_WARN_DEPRECATED_OBJC_IMPLEMENTATIONS = YES;
				CLANG_WARN_DIRECT_OBJC_ISA_USAGE = YES_ERROR;
				CLANG_WARN_DOCUMENTATION_COMMENTS = YES;
				CLANG_WARN_EMPTY_BODY = YES;
				CLANG_WARN_ENUM_CONVERSION = YES;
				CLANG_WARN_INFINITE_RECURSION = YES;
				CLANG_WARN_INT_CONVERSION = YES;
				CLANG_WARN_NON_LITERAL_NULL_CONVERSION = YES;
				CLANG_WARN_OBJC_IMPLICIT_RETAIN_SELF = YES;
				CLANG_WARN_OBJC_LITERAL_CONVERSION = YES;
				CLANG_WARN_OBJC_ROOT_CLASS = YES_ERROR;
				CLANG_WARN_QUOTED_INCLUDE_IN_FRAMEWORK_HEADER = YES;
				CLANG_WARN_RANGE_LOOP_ANALYSIS = YES;
				CLANG_WARN_STRICT_PROTOTYPES = YES;
				CLANG_WARN_SUSPICIOUS_MOVE = YES;
				CLANG_WARN_UNGUARDED_AVAILABILITY = YES_AGGRESSIVE;
				CLANG_WARN_UNREACHABLE_CODE = YES;
				CLANG_WARN__DUPLICATE_METHOD_MATCH = YES;
				COPY_PHASE_STRIP = NO;
				DEBUG_INFORMATION_FORMAT = dwarf;
				ENABLE_STRICT_OBJC_MSGSEND = YES;
				ENABLE_TESTABILITY = YES;
				GCC_C_LANGUAGE_STANDARD = gnu11;
				GCC_DYNAMIC_NO_PIC = NO;
				GCC_NO_COMMON_BLOCKS = YES;
				GCC_OPTIMIZATION_LEVEL = 0;
				GCC_PREPROCESSOR_DEFINITIONS = (
					"DEBUG=1",
					"$(inherited)",
				);
				GCC_WARN_64_TO_32_BIT_CONVERSION = YES;
				GCC_WARN_ABOUT_RETURN_TYPE = YES_ERROR;
				GCC_WARN_UNDECLARED_SELECTOR = YES;
				GCC_WARN_UNINITIALIZED_AUTOS = YES_AGGRESSIVE;
				GCC_WARN_UNUSED_FUNCTION = YES;
				GCC_WARN_UNUSED_VARIABLE = YES;
				INFOPLIST_KEY_NSMainStoryboardFile = "";
				IPHONEOS_DEPLOYMENT_TARGET = 15.3;
				MTL_ENABLE_DEBUG_INFO = INCLUDE_SOURCE;
				MTL_FAST_MATH = YES;
				ONLY_ACTIVE_ARCH = YES;
				SDKROOT = iphoneos;
			};
			name = Debug;
		};
		D7E0CAF12A5B998D0039189D /* Release */ = {
			isa = XCBuildConfiguration;
			buildSettings = {
				ALWAYS_SEARCH_USER_PATHS = NO;
				CLANG_ANALYZER_NONNULL = YES;
				CLANG_ANALYZER_NUMBER_OBJECT_CONVERSION = YES_AGGRESSIVE;
				CLANG_CXX_LANGUAGE_STANDARD = "gnu++20";
				CLANG_ENABLE_MODULES = YES;
				CLANG_ENABLE_OBJC_ARC = YES;
				CLANG_ENABLE_OBJC_WEAK = YES;
				CLANG_WARN_BLOCK_CAPTURE_AUTORELEASING = YES;
				CLANG_WARN_BOOL_CONVERSION = YES;
				CLANG_WARN_COMMA = YES;
				CLANG_WARN_CONSTANT_CONVERSION = YES;
				CLANG_WARN_DEPRECATED_OBJC_IMPLEMENTATIONS = YES;
				CLANG_WARN_DIRECT_OBJC_ISA_USAGE = YES_ERROR;
				CLANG_WARN_DOCUMENTATION_COMMENTS = YES;
				CLANG_WARN_EMPTY_BODY = YES;
				CLANG_WARN_ENUM_CONVERSION = YES;
				CLANG_WARN_INFINITE_RECURSION = YES;
				CLANG_WARN_INT_CONVERSION = YES;
				CLANG_WARN_NON_LITERAL_NULL_CONVERSION = YES;
				CLANG_WARN_OBJC_IMPLICIT_RETAIN_SELF = YES;
				CLANG_WARN_OBJC_LITERAL_CONVERSION = YES;
				CLANG_WARN_OBJC_ROOT_CLASS = YES_ERROR;
				CLANG_WARN_QUOTED_INCLUDE_IN_FRAMEWORK_HEADER = YES;
				CLANG_WARN_RANGE_LOOP_ANALYSIS = YES;
				CLANG_WARN_STRICT_PROTOTYPES = YES;
				CLANG_WARN_SUSPICIOUS_MOVE = YES;
				CLANG_WARN_UNGUARDED_AVAILABILITY = YES_AGGRESSIVE;
				CLANG_WARN_UNREACHABLE_CODE = YES;
				CLANG_WARN__DUPLICATE_METHOD_MATCH = YES;
				COPY_PHASE_STRIP = NO;
				DEBUG_INFORMATION_FORMAT = "dwarf-with-dsym";
				ENABLE_NS_ASSERTIONS = NO;
				ENABLE_STRICT_OBJC_MSGSEND = YES;
				GCC_C_LANGUAGE_STANDARD = gnu11;
				GCC_NO_COMMON_BLOCKS = YES;
				GCC_WARN_64_TO_32_BIT_CONVERSION = YES;
				GCC_WARN_ABOUT_RETURN_TYPE = YES_ERROR;
				GCC_WARN_UNDECLARED_SELECTOR = YES;
				GCC_WARN_UNINITIALIZED_AUTOS = YES_AGGRESSIVE;
				GCC_WARN_UNUSED_FUNCTION = YES;
				GCC_WARN_UNUSED_VARIABLE = YES;
				INFOPLIST_KEY_NSMainStoryboardFile = "";
				IPHONEOS_DEPLOYMENT_TARGET = 15.3;
				MTL_ENABLE_DEBUG_INFO = NO;
				MTL_FAST_MATH = YES;
				SDKROOT = iphoneos;
				VALIDATE_PRODUCT = YES;
			};
			name = Release;
		};
		D7E0CAF32A5B998D0039189D /* Debug */ = {
			isa = XCBuildConfiguration;
			buildSettings = {
				ASSETCATALOG_COMPILER_APPICON_NAME = AppIcon;
				ASSETCATALOG_COMPILER_GLOBAL_ACCENT_COLOR_NAME = AccentColor;
				CODE_SIGN_STYLE = Automatic;
				CURRENT_PROJECT_VERSION = 1;
				DEVELOPMENT_TEAM = 973295K87L;
				DOCC_HOSTING_BASE_PATH = friends;
				GENERATE_INFOPLIST_FILE = YES;
				INFOPLIST_FILE = Friends/Info.plist;
				INFOPLIST_KEY_UIApplicationSupportsIndirectInputEvents = YES;
				INFOPLIST_KEY_UILaunchStoryboardName = LaunchScreen;
				INFOPLIST_KEY_UIMainStoryboardFile = "";
				INFOPLIST_KEY_UISupportedInterfaceOrientations_iPad = "UIInterfaceOrientationPortrait UIInterfaceOrientationPortraitUpsideDown UIInterfaceOrientationLandscapeLeft UIInterfaceOrientationLandscapeRight";
				INFOPLIST_KEY_UISupportedInterfaceOrientations_iPhone = "UIInterfaceOrientationPortrait UIInterfaceOrientationLandscapeLeft UIInterfaceOrientationLandscapeRight";
				LD_RUNPATH_SEARCH_PATHS = (
					"$(inherited)",
					"@executable_path/Frameworks",
				);
				MARKETING_VERSION = 1.0;
				PRODUCT_BUNDLE_IDENTIFIER = com.motodolphin.Friends;
				PRODUCT_NAME = "$(TARGET_NAME)";
				SWIFT_EMIT_LOC_STRINGS = YES;
				TARGETED_DEVICE_FAMILY = "1,2";
			};
			name = Debug;
		};
		D7E0CAF42A5B998D0039189D /* Release */ = {
			isa = XCBuildConfiguration;
			buildSettings = {
				ASSETCATALOG_COMPILER_APPICON_NAME = AppIcon;
				ASSETCATALOG_COMPILER_GLOBAL_ACCENT_COLOR_NAME = AccentColor;
				CODE_SIGN_STYLE = Automatic;
				CURRENT_PROJECT_VERSION = 1;
				DEVELOPMENT_TEAM = 973295K87L;
				DOCC_HOSTING_BASE_PATH = friends;
				GENERATE_INFOPLIST_FILE = YES;
				INFOPLIST_FILE = Friends/Info.plist;
				INFOPLIST_KEY_UIApplicationSupportsIndirectInputEvents = YES;
				INFOPLIST_KEY_UILaunchStoryboardName = LaunchScreen;
				INFOPLIST_KEY_UIMainStoryboardFile = "";
				INFOPLIST_KEY_UISupportedInterfaceOrientations_iPad = "UIInterfaceOrientationPortrait UIInterfaceOrientationPortraitUpsideDown UIInterfaceOrientationLandscapeLeft UIInterfaceOrientationLandscapeRight";
				INFOPLIST_KEY_UISupportedInterfaceOrientations_iPhone = "UIInterfaceOrientationPortrait UIInterfaceOrientationLandscapeLeft UIInterfaceOrientationLandscapeRight";
				LD_RUNPATH_SEARCH_PATHS = (
					"$(inherited)",
					"@executable_path/Frameworks",
				);
				MARKETING_VERSION = 1.0;
				PRODUCT_BUNDLE_IDENTIFIER = com.motodolphin.Friends;
				PRODUCT_NAME = "$(TARGET_NAME)";
				SWIFT_EMIT_LOC_STRINGS = YES;
				TARGETED_DEVICE_FAMILY = "1,2";
			};
			name = Release;
		};
		D7E0CAF62A5B998D0039189D /* Debug */ = {
			isa = XCBuildConfiguration;
			buildSettings = {
				BUNDLE_LOADER = "$(TEST_HOST)";
				CODE_SIGN_STYLE = Automatic;
				CURRENT_PROJECT_VERSION = 1;
				DEVELOPMENT_TEAM = 973295K87L;
				GENERATE_INFOPLIST_FILE = YES;
				IPHONEOS_DEPLOYMENT_TARGET = 15.3;
				MARKETING_VERSION = 1.0;
				PRODUCT_BUNDLE_IDENTIFIER = com.motodolphin.FriendsTests;
				PRODUCT_NAME = "$(TARGET_NAME)";
				SWIFT_EMIT_LOC_STRINGS = NO;
				TARGETED_DEVICE_FAMILY = "1,2";
				TEST_HOST = "$(BUILT_PRODUCTS_DIR)/Friends.app/$(BUNDLE_EXECUTABLE_FOLDER_PATH)/Friends";
			};
			name = Debug;
		};
		D7E0CAF72A5B998D0039189D /* Release */ = {
			isa = XCBuildConfiguration;
			buildSettings = {
				BUNDLE_LOADER = "$(TEST_HOST)";
				CODE_SIGN_STYLE = Automatic;
				CURRENT_PROJECT_VERSION = 1;
				DEVELOPMENT_TEAM = 973295K87L;
				GENERATE_INFOPLIST_FILE = YES;
				IPHONEOS_DEPLOYMENT_TARGET = 15.3;
				MARKETING_VERSION = 1.0;
				PRODUCT_BUNDLE_IDENTIFIER = com.motodolphin.FriendsTests;
				PRODUCT_NAME = "$(TARGET_NAME)";
				SWIFT_EMIT_LOC_STRINGS = NO;
				TARGETED_DEVICE_FAMILY = "1,2";
				TEST_HOST = "$(BUILT_PRODUCTS_DIR)/Friends.app/$(BUNDLE_EXECUTABLE_FOLDER_PATH)/Friends";
			};
			name = Release;
		};
/* End XCBuildConfiguration section */

/* Begin XCConfigurationList section */
		D7E0CABE2A5B99860039189D /* Build configuration list for PBXProject "Friends" */ = {
			isa = XCConfigurationList;
			buildConfigurations = (
				D7E0CAF02A5B998D0039189D /* Debug */,
				D7E0CAF12A5B998D0039189D /* Release */,
			);
			defaultConfigurationIsVisible = 0;
			defaultConfigurationName = Release;
		};
		D7E0CAF22A5B998D0039189D /* Build configuration list for PBXNativeTarget "Friends" */ = {
			isa = XCConfigurationList;
			buildConfigurations = (
				D7E0CAF32A5B998D0039189D /* Debug */,
				D7E0CAF42A5B998D0039189D /* Release */,
			);
			defaultConfigurationIsVisible = 0;
			defaultConfigurationName = Release;
		};
		D7E0CAF52A5B998D0039189D /* Build configuration list for PBXNativeTarget "FriendsTests" */ = {
			isa = XCConfigurationList;
			buildConfigurations = (
				D7E0CAF62A5B998D0039189D /* Debug */,
				D7E0CAF72A5B998D0039189D /* Release */,
			);
			defaultConfigurationIsVisible = 0;
			defaultConfigurationName = Release;
		};
/* End XCConfigurationList section */
	};
	rootObject = D7E0CABB2A5B99860039189D /* Project object */;
}
